
Microsoft Visual Studio Solution File, Format Version 12.00
# Visual Studio Version 17
VisualStudioVersion = 17.0.31912.275
MinimumVisualStudioVersion = 10.0.40219.1
Project("{888888A0-9F3D-457C-B088-3A5042F75D52}") = "simple calculator", "simple calculator\simple calculator.pyproj", "{6AD13E28-4B19-4CC5-BD9B-8C42100BD278}"
EndProject
Global
	GlobalSection(SolutionConfigurationPlatforms) = preSolution
		Debug|Any CPU = Debug|Any CPU
		Release|Any CPU = Release|Any CPU
	EndGlobalSection
	GlobalSection(ProjectConfigurationPlatforms) = postSolution
		{6AD13E28-4B19-4CC5-BD9B-8C42100BD278}.Debug|Any CPU.ActiveCfg = Debug|Any CPU
		{6AD13E28-4B19-4CC5-BD9B-8C42100BD278}.Release|Any CPU.ActiveCfg = Release|Any CPU
	EndGlobalSection
	GlobalSection(SolutionProperties) = preSolution
		HideSolutionNode = FALSE
	EndGlobalSection
	GlobalSection(ExtensibilityGlobals) = postSolution
		SolutionGuid = {0A2B8EBD-77D2-4649-8DDB-98A18A651E98}
	EndGlobalSection
EndGlobal
